
Microsoft Visual Studio Solution File, Format Version 12.00
# Visual Studio Version 16
VisualStudioVersion = 25.0.1705.1
MinimumVisualStudioVersion = 10.0.40219.1
Project("{FAE04EC0-301F-11D3-BF4B-00C04F79EFBC}") = "TestProject", "TestProject\TestProject.csproj", "{C1FFDDDB-C9E8-4E24-9434-83105E4986E6}"
EndProject
Global
	GlobalSection(SolutionConfigurationPlatforms) = preSolution
		Debug|Any CPU = Debug|Any CPU
		Release|Any CPU = Release|Any CPU
	EndGlobalSection
	GlobalSection(ProjectConfigurationPlatforms) = postSolution
		{C1FFDDDB-C9E8-4E24-9434-83105E4986E6}.Debug|Any CPU.ActiveCfg = Debug|Any CPU
		{C1FFDDDB-C9E8-4E24-9434-83105E4986E6}.Debug|Any CPU.Build.0 = Debug|Any CPU
		{C1FFDDDB-C9E8-4E24-9434-83105E4986E6}.Release|Any CPU.ActiveCfg = Release|Any CPU
		{C1FFDDDB-C9E8-4E24-9434-83105E4986E6}.Release|Any CPU.Build.0 = Release|Any CPU
	EndGlobalSection
	GlobalSection(SolutionProperties) = preSolution
		HideSolutionNode = FALSE
	EndGlobalSection
	GlobalSection(ExtensibilityGlobals) = postSolution
		SolutionGuid = {6CA44DE6-03DB-4C07-A9F7-521DA9ABC80B}
	EndGlobalSection
EndGlobal
